
Microsoft Visual Studio Solution File, Format Version 12.00
# Visual Studio 15
VisualStudioVersion = 15.0.28010.2016
MinimumVisualStudioVersion = 10.0.40219.1
Project("{8BC9CEB8-8B4A-11D0-8D11-00A0C91BC942}") = "Data Files Part 2 Example 5 - Read", "Data Files Part 2 Example 5 - Read\Data Files Part 2 Example 5 - Read.vcxproj", "{7E0E3151-4C46-43C2-96D4-6CF7FE3D06AE}"
EndProject
Global
	GlobalSection(SolutionConfigurationPlatforms) = preSolution
		Debug|x64 = Debug|x64
		Debug|x86 = Debug|x86
		Release|x64 = Release|x64
		Release|x86 = Release|x86
	EndGlobalSection
	GlobalSection(ProjectConfigurationPlatforms) = postSolution
		{7E0E3151-4C46-43C2-96D4-6CF7FE3D06AE}.Debug|x64.ActiveCfg = Debug|x64
		{7E0E3151-4C46-43C2-96D4-6CF7FE3D06AE}.Debug|x64.Build.0 = Debug|x64
		{7E0E3151-4C46-43C2-96D4-6CF7FE3D06AE}.Debug|x86.ActiveCfg = Debug|Win32
		{7E0E3151-4C46-43C2-96D4-6CF7FE3D06AE}.Debug|x86.Build.0 = Debug|Win32
		{7E0E3151-4C46-43C2-96D4-6CF7FE3D06AE}.Release|x64.ActiveCfg = Release|x64
		{7E0E3151-4C46-43C2-96D4-6CF7FE3D06AE}.Release|x64.Build.0 = Release|x64
		{7E0E3151-4C46-43C2-96D4-6CF7FE3D06AE}.Release|x86.ActiveCfg = Release|Win32
		{7E0E3151-4C46-43C2-96D4-6CF7FE3D06AE}.Release|x86.Build.0 = Release|Win32
	EndGlobalSection
	GlobalSection(SolutionProperties) = preSolution
		HideSolutionNode = FALSE
	EndGlobalSection
	GlobalSection(ExtensibilityGlobals) = postSolution
		SolutionGuid = {5A8D1D49-7644-48C3-ABE3-C818A18AF6EA}
	EndGlobalSection
EndGlobal
