
Microsoft Visual Studio Solution File, Format Version 12.00
# Visual Studio 15
VisualStudioVersion = 15.0.28010.2016
MinimumVisualStudioVersion = 10.0.40219.1
Project("{8BC9CEB8-8B4A-11D0-8D11-00A0C91BC942}") = "Data Files Sample 5 - Create", "Data Files Sample 5 - Create\Data Files Sample 5 - Create.vcxproj", "{FEDBD9DB-B770-42F8-96DF-E172C8145372}"
EndProject
Global
	GlobalSection(SolutionConfigurationPlatforms) = preSolution
		Debug|x64 = Debug|x64
		Debug|x86 = Debug|x86
		Release|x64 = Release|x64
		Release|x86 = Release|x86
	EndGlobalSection
	GlobalSection(ProjectConfigurationPlatforms) = postSolution
		{FEDBD9DB-B770-42F8-96DF-E172C8145372}.Debug|x64.ActiveCfg = Debug|x64
		{FEDBD9DB-B770-42F8-96DF-E172C8145372}.Debug|x64.Build.0 = Debug|x64
		{FEDBD9DB-B770-42F8-96DF-E172C8145372}.Debug|x86.ActiveCfg = Debug|Win32
		{FEDBD9DB-B770-42F8-96DF-E172C8145372}.Debug|x86.Build.0 = Debug|Win32
		{FEDBD9DB-B770-42F8-96DF-E172C8145372}.Release|x64.ActiveCfg = Release|x64
		{FEDBD9DB-B770-42F8-96DF-E172C8145372}.Release|x64.Build.0 = Release|x64
		{FEDBD9DB-B770-42F8-96DF-E172C8145372}.Release|x86.ActiveCfg = Release|Win32
		{FEDBD9DB-B770-42F8-96DF-E172C8145372}.Release|x86.Build.0 = Release|Win32
	EndGlobalSection
	GlobalSection(SolutionProperties) = preSolution
		HideSolutionNode = FALSE
	EndGlobalSection
	GlobalSection(ExtensibilityGlobals) = postSolution
		SolutionGuid = {21FF421A-5361-4D9F-8147-3F682EBEF54C}
	EndGlobalSection
EndGlobal
